
Microsoft Visual Studio Solution File, Format Version 12.00
# Visual Studio Version 17
VisualStudioVersion = 17.5.002.0
MinimumVisualStudioVersion = 10.0.40219.1
Project("{9A19103F-16F7-4668-BE54-9A1E7A4F7556}") = "NameSorter", "NameSorter\NameSorter.csproj", "{5014F9F0-8C74-408C-AEE8-28B59AC18427}"
EndProject
Global
	GlobalSection(SolutionConfigurationPlatforms) = preSolution
		Debug|Any CPU = Debug|Any CPU
		Release|Any CPU = Release|Any CPU
	EndGlobalSection
	GlobalSection(ProjectConfigurationPlatforms) = postSolution
		{5014F9F0-8C74-408C-AEE8-28B59AC18427}.Debug|Any CPU.ActiveCfg = Debug|Any CPU
		{5014F9F0-8C74-408C-AEE8-28B59AC18427}.Debug|Any CPU.Build.0 = Debug|Any CPU
		{5014F9F0-8C74-408C-AEE8-28B59AC18427}.Release|Any CPU.ActiveCfg = Release|Any CPU
		{5014F9F0-8C74-408C-AEE8-28B59AC18427}.Release|Any CPU.Build.0 = Release|Any CPU
	EndGlobalSection
	GlobalSection(SolutionProperties) = preSolution
		HideSolutionNode = FALSE
	EndGlobalSection
	GlobalSection(ExtensibilityGlobals) = postSolution
		SolutionGuid = {3D0F6969-8813-4839-8339-E389A132C241}
	EndGlobalSection
EndGlobal
